# THIS IS AN AUTOGENERATED FILE. DO NOT EDIT THIS FILE DIRECTLY.
# yarn lockfile v1


"@hapi/address@^4.1.0":
  "integrity" "sha512-SkszZf13HVgGmChdHo/PxchnSaCJ6cetVqLzyciudzZRT0jcOouIF/Q93mgjw8cce+D+4F4C1Z/WrfFN+O3VHQ=="
  "resolved" "https://registry.npmjs.org/@hapi/address/-/address-4.1.0.tgz"
  "version" "4.1.0"
  dependencies:
    "@hapi/hoek" "^9.0.0"

"@hapi/hoek@^9.0.0":
  "integrity" "sha512-EwaJS7RjoXUZ2cXXKZZxZqieGtc7RbvQhUy8FwDoMQtxWVi14tFjeFCYPZAM1mBCpOpiBpyaZbb9NeHc7eGKgw=="
  "resolved" "https://registry.npmjs.org/@hapi/hoek/-/hoek-9.0.4.tgz"
  "version" "9.0.4"
